
Microsoft Visual Studio Solution File, Format Version 12.00
# Visual Studio Version 17
VisualStudioVersion = 17.1.32421.90
MinimumVisualStudioVersion = 10.0.40219.1
Project("{FAE04EC0-301F-11D3-BF4B-00C04F79EFBC}") = "PasswordManagement", "PasswordManagement.csproj", "{CBD911B9-560C-46DA-A020-AAF4ECE40656}"
EndProject
Project("{9A19103F-16F7-4668-BE54-9A1E7A4F7556}") = "LoginForm00", "..\LoginForm00\LoginForm00\LoginForm00.csproj", "{D3D35CF3-172F-4ECA-BB37-F6F23AE84910}"
EndProject
Project("{9A19103F-16F7-4668-BE54-9A1E7A4F7556}") = "UserCredentialDatabase01", "..\UserCredentialDatabase01\UserCredentialDatabase01.csproj", "{A28B69AF-71E6-4CAF-85A7-50A46043B13E}"
EndProject
Project("{9A19103F-16F7-4668-BE54-9A1E7A4F7556}") = "Salt00", "..\Salt00\Salt00.csproj", "{A64F3116-01A5-4934-96F3-D82B936C4DDA}"
EndProject
Project("{FAE04EC0-301F-11D3-BF4B-00C04F79EFBC}") = "PasswordManager", "..\PasswordManager\PasswordManager.csproj", "{B9CA1FD5-C4D1-4B55-A838-277088AA607D}"
EndProject
Global
	GlobalSection(SolutionConfigurationPlatforms) = preSolution
		Debug|Any CPU = Debug|Any CPU
		Release|Any CPU = Release|Any CPU
	EndGlobalSection
	GlobalSection(ProjectConfigurationPlatforms) = postSolution
		{CBD911B9-560C-46DA-A020-AAF4ECE40656}.Debug|Any CPU.ActiveCfg = Debug|Any CPU
		{CBD911B9-560C-46DA-A020-AAF4ECE40656}.Debug|Any CPU.Build.0 = Debug|Any CPU
		{CBD911B9-560C-46DA-A020-AAF4ECE40656}.Release|Any CPU.ActiveCfg = Release|Any CPU
		{CBD911B9-560C-46DA-A020-AAF4ECE40656}.Release|Any CPU.Build.0 = Release|Any CPU
		{D3D35CF3-172F-4ECA-BB37-F6F23AE84910}.Debug|Any CPU.ActiveCfg = Debug|Any CPU
		{D3D35CF3-172F-4ECA-BB37-F6F23AE84910}.Debug|Any CPU.Build.0 = Debug|Any CPU
		{D3D35CF3-172F-4ECA-BB37-F6F23AE84910}.Release|Any CPU.ActiveCfg = Release|Any CPU
		{D3D35CF3-172F-4ECA-BB37-F6F23AE84910}.Release|Any CPU.Build.0 = Release|Any CPU
		{A28B69AF-71E6-4CAF-85A7-50A46043B13E}.Debug|Any CPU.ActiveCfg = Debug|Any CPU
		{A28B69AF-71E6-4CAF-85A7-50A46043B13E}.Debug|Any CPU.Build.0 = Debug|Any CPU
		{A28B69AF-71E6-4CAF-85A7-50A46043B13E}.Release|Any CPU.ActiveCfg = Release|Any CPU
		{A28B69AF-71E6-4CAF-85A7-50A46043B13E}.Release|Any CPU.Build.0 = Release|Any CPU
		{A64F3116-01A5-4934-96F3-D82B936C4DDA}.Debug|Any CPU.ActiveCfg = Debug|Any CPU
		{A64F3116-01A5-4934-96F3-D82B936C4DDA}.Debug|Any CPU.Build.0 = Debug|Any CPU
		{A64F3116-01A5-4934-96F3-D82B936C4DDA}.Release|Any CPU.ActiveCfg = Release|Any CPU
		{A64F3116-01A5-4934-96F3-D82B936C4DDA}.Release|Any CPU.Build.0 = Release|Any CPU
		{B9CA1FD5-C4D1-4B55-A838-277088AA607D}.Debug|Any CPU.ActiveCfg = Debug|Any CPU
		{B9CA1FD5-C4D1-4B55-A838-277088AA607D}.Debug|Any CPU.Build.0 = Debug|Any CPU
		{B9CA1FD5-C4D1-4B55-A838-277088AA607D}.Release|Any CPU.ActiveCfg = Release|Any CPU
		{B9CA1FD5-C4D1-4B55-A838-277088AA607D}.Release|Any CPU.Build.0 = Release|Any CPU
	EndGlobalSection
	GlobalSection(SolutionProperties) = preSolution
		HideSolutionNode = FALSE
	EndGlobalSection
	GlobalSection(ExtensibilityGlobals) = postSolution
		SolutionGuid = {551B14E1-63CB-41C9-8C93-3D2ED06A3268}
	EndGlobalSection
EndGlobal
